
Microsoft Visual Studio Solution File, Format Version 12.00
# Visual Studio Version 17
VisualStudioVersion = 17.11.35208.52
MinimumVisualStudioVersion = 10.0.40219.1
Project("{FAE04EC0-301F-11D3-BF4B-00C04F79EFBC}") = "ConsoleApp3", "ConsoleApp3.csproj", "{D5872159-FEC5-498C-B0EC-22AE4CAAFE2F}"
EndProject
Global
	GlobalSection(SolutionConfigurationPlatforms) = preSolution
		Debug|Any CPU = Debug|Any CPU
		Release|Any CPU = Release|Any CPU
	EndGlobalSection
	GlobalSection(ProjectConfigurationPlatforms) = postSolution
		{D5872159-FEC5-498C-B0EC-22AE4CAAFE2F}.Debug|Any CPU.ActiveCfg = Debug|Any CPU
		{D5872159-FEC5-498C-B0EC-22AE4CAAFE2F}.Debug|Any CPU.Build.0 = Debug|Any CPU
		{D5872159-FEC5-498C-B0EC-22AE4CAAFE2F}.Release|Any CPU.ActiveCfg = Release|Any CPU
		{D5872159-FEC5-498C-B0EC-22AE4CAAFE2F}.Release|Any CPU.Build.0 = Release|Any CPU
	EndGlobalSection
	GlobalSection(SolutionProperties) = preSolution
		HideSolutionNode = FALSE
	EndGlobalSection
	GlobalSection(ExtensibilityGlobals) = postSolution
		SolutionGuid = {57EF05F5-3DA3-47EA-80F0-3B5F074C11FE}
	EndGlobalSection
EndGlobal
